
Microsoft Visual Studio Solution File, Format Version 12.00
# Visual Studio 15
VisualStudioVersion = 15.0.26730.12
MinimumVisualStudioVersion = 10.0.40219.1
Project("{9A19103F-16F7-4668-BE54-9A1E7A4F7556}") = "SamuraiAppCore.Data", "SamuraiAppCore.Data\SamuraiAppCore.Data.csproj", "{7F9C32D6-9668-4813-94A3-806CC5A40D62}"
EndProject
Project("{9A19103F-16F7-4668-BE54-9A1E7A4F7556}") = "SamuraiAppCore.Domain", "SamuraiAppCore.Domain\SamuraiAppCore.Domain.csproj", "{5D22497C-1093-4EE7-9FC7-20A549B4430E}"
EndProject
Global
	GlobalSection(SolutionConfigurationPlatforms) = preSolution
		Debug|Any CPU = Debug|Any CPU
		Release|Any CPU = Release|Any CPU
	EndGlobalSection
	GlobalSection(ProjectConfigurationPlatforms) = postSolution
		{7F9C32D6-9668-4813-94A3-806CC5A40D62}.Debug|Any CPU.ActiveCfg = Debug|Any CPU
		{7F9C32D6-9668-4813-94A3-806CC5A40D62}.Debug|Any CPU.Build.0 = Debug|Any CPU
		{7F9C32D6-9668-4813-94A3-806CC5A40D62}.Release|Any CPU.ActiveCfg = Release|Any CPU
		{7F9C32D6-9668-4813-94A3-806CC5A40D62}.Release|Any CPU.Build.0 = Release|Any CPU
		{5D22497C-1093-4EE7-9FC7-20A549B4430E}.Debug|Any CPU.ActiveCfg = Debug|Any CPU
		{5D22497C-1093-4EE7-9FC7-20A549B4430E}.Debug|Any CPU.Build.0 = Debug|Any CPU
		{5D22497C-1093-4EE7-9FC7-20A549B4430E}.Release|Any CPU.ActiveCfg = Release|Any CPU
		{5D22497C-1093-4EE7-9FC7-20A549B4430E}.Release|Any CPU.Build.0 = Release|Any CPU
	EndGlobalSection
	GlobalSection(SolutionProperties) = preSolution
		HideSolutionNode = FALSE
	EndGlobalSection
	GlobalSection(ExtensibilityGlobals) = postSolution
		SolutionGuid = {23B1BD9E-1E34-474D-827D-B7904FFE86CC}
	EndGlobalSection
EndGlobal
